{
  "meteor": {},
  "dependencies": {
    "basePackages": {
      "iron-router": {},
      "less-bootstrap-3": {},
      "less-fontawesome-4": {}
    },
    "packages": {
      "iron-router": {
        "git": "https://github.com/EventedMind/iron-router.git",
        "tag": "v0.7.1",
        "commit": "d1ffb3f06ea4c112132b030f2eb1a70b81675ecb"
      },
      "less-bootstrap-3": {
        "git": "https://github.com/DerMambo/less-bootstrap-3.git",
        "tag": "v0.0.2",
        "commit": "b5010b2ff9e9ae6b0e6e13eb0f6c81c9cb84373e"
      },
      "less-fontawesome-4": {
        "git": "https://github.com/DerMambo/less-fontawesome-4.git",
        "tag": "v0.0.4",
        "commit": "79fdf3d3e90fdb4635878b34f545965014cd4ea8"
      },
      "blaze-layout": {
        "git": "https://github.com/EventedMind/blaze-layout.git",
        "tag": "v0.2.4",
        "commit": "b40e9b0612329288d75cf52ad14a7da64bb8618f"
      }
    }
  }
}
